
Microsoft Visual Studio Solution File, Format Version 12.00
# Visual Studio Version 17
VisualStudioVersion = 17.8.34309.116
MinimumVisualStudioVersion = 10.0.40219.1
Project("{FAE04EC0-301F-11D3-BF4B-00C04F79EFBC}") = "ProductWeb", "ProductWeb\ProductWeb.csproj", "{3DD9B1FE-6E42-4655-A32F-F19C6F129046}"
EndProject
Global
	GlobalSection(SolutionConfigurationPlatforms) = preSolution
		Debug|Any CPU = Debug|Any CPU
		Release|Any CPU = Release|Any CPU
	EndGlobalSection
	GlobalSection(ProjectConfigurationPlatforms) = postSolution
		{3DD9B1FE-6E42-4655-A32F-F19C6F129046}.Debug|Any CPU.ActiveCfg = Debug|Any CPU
		{3DD9B1FE-6E42-4655-A32F-F19C6F129046}.Debug|Any CPU.Build.0 = Debug|Any CPU
		{3DD9B1FE-6E42-4655-A32F-F19C6F129046}.Release|Any CPU.ActiveCfg = Release|Any CPU
		{3DD9B1FE-6E42-4655-A32F-F19C6F129046}.Release|Any CPU.Build.0 = Release|Any CPU
	EndGlobalSection
	GlobalSection(SolutionProperties) = preSolution
		HideSolutionNode = FALSE
	EndGlobalSection
	GlobalSection(ExtensibilityGlobals) = postSolution
		SolutionGuid = {C50BD78F-DAE1-4774-8238-5CED18867D89}
	EndGlobalSection
EndGlobal
